
Microsoft Visual Studio Solution File, Format Version 12.00
# Visual Studio Version 16
VisualStudioVersion = 16.0.32106.194
MinimumVisualStudioVersion = 10.0.40219.1
Project("{FAE04EC0-301F-11D3-BF4B-00C04F79EFBC}") = "WebApplication42", "WebApplication42\WebApplication42.csproj", "{D27FCDF8-AFB6-458F-AC45-C26671FA30AD}"
EndProject
Global
	GlobalSection(SolutionConfigurationPlatforms) = preSolution
		Debug|Any CPU = Debug|Any CPU
		Release|Any CPU = Release|Any CPU
	EndGlobalSection
	GlobalSection(ProjectConfigurationPlatforms) = postSolution
		{D27FCDF8-AFB6-458F-AC45-C26671FA30AD}.Debug|Any CPU.ActiveCfg = Debug|Any CPU
		{D27FCDF8-AFB6-458F-AC45-C26671FA30AD}.Debug|Any CPU.Build.0 = Debug|Any CPU
		{D27FCDF8-AFB6-458F-AC45-C26671FA30AD}.Release|Any CPU.ActiveCfg = Release|Any CPU
		{D27FCDF8-AFB6-458F-AC45-C26671FA30AD}.Release|Any CPU.Build.0 = Release|Any CPU
	EndGlobalSection
	GlobalSection(SolutionProperties) = preSolution
		HideSolutionNode = FALSE
	EndGlobalSection
	GlobalSection(ExtensibilityGlobals) = postSolution
		SolutionGuid = {C6F61577-41B9-4250-9D49-67F0257F5BB5}
	EndGlobalSection
EndGlobal
